
Microsoft Visual Studio Solution File, Format Version 12.00
# Visual Studio Version 16
VisualStudioVersion = 16.0.32802.440
MinimumVisualStudioVersion = 10.0.40219.1
Project("{FAE04EC0-301F-11D3-BF4B-00C04F79EFBC}") = "CSV_Converter", "CSV_Converter.csproj", "{28B51447-9E57-4937-B5FB-B7820424E1E9}"
EndProject
Global
	GlobalSection(SolutionConfigurationPlatforms) = preSolution
		Debug|Any CPU = Debug|Any CPU
		Release|Any CPU = Release|Any CPU
	EndGlobalSection
	GlobalSection(ProjectConfigurationPlatforms) = postSolution
		{28B51447-9E57-4937-B5FB-B7820424E1E9}.Debug|Any CPU.ActiveCfg = Debug|Any CPU
		{28B51447-9E57-4937-B5FB-B7820424E1E9}.Debug|Any CPU.Build.0 = Debug|Any CPU
		{28B51447-9E57-4937-B5FB-B7820424E1E9}.Release|Any CPU.ActiveCfg = Release|Any CPU
		{28B51447-9E57-4937-B5FB-B7820424E1E9}.Release|Any CPU.Build.0 = Release|Any CPU
	EndGlobalSection
	GlobalSection(SolutionProperties) = preSolution
		HideSolutionNode = FALSE
	EndGlobalSection
	GlobalSection(ExtensibilityGlobals) = postSolution
		SolutionGuid = {2071E028-690A-4FE4-9DB0-BD63FE100C19}
	EndGlobalSection
EndGlobal
